
Microsoft Visual Studio Solution File, Format Version 12.00
# Visual Studio Version 17
VisualStudioVersion = 17.0.31903.59
MinimumVisualStudioVersion = 10.0.40219.1
Project("{FAE04EC0-301F-11D3-BF4B-00C04F79EFBC}") = "Redarbor.Api", "Redarbor.Api\Redarbor.Api.csproj", "{9B53BC2F-9CBC-E6BB-0D1E-0720ED17518E}"
EndProject
Project("{FAE04EC0-301F-11D3-BF4B-00C04F79EFBC}") = "Redarbor.Domain", "Redarbor.Domain\Redarbor.Domain.csproj", "{356D601D-102E-3818-05C1-DE891029CD5D}"
EndProject
Project("{FAE04EC0-301F-11D3-BF4B-00C04F79EFBC}") = "Redarbor.Infrastructure", "Redarbor.Infrastructure\Redarbor.Infrastructure.csproj", "{AA15F435-3D95-0154-6941-CAD257BEFBDD}"
EndProject
Project("{FAE04EC0-301F-11D3-BF4B-00C04F79EFBC}") = "Redarbor.Application", "Redarbor.Application\Redarbor.Application.csproj", "{20E5F2B1-F9A0-7200-289F-B147E1CCF745}"
EndProject
Project("{2150E333-8FDC-42A3-9474-1A3956D46DE8}") = "Elementos de la solución", "Elementos de la solución", "{D107F4C8-89CC-BEA8-D3D7-CA6B7733353D}"
	ProjectSection(SolutionItems) = preProject
		.env = .env
		.env.example = .env.example
		docker-compose.example.yml = docker-compose.example.yml
		docker-compose.yml = docker-compose.yml
		Dockerfile = Dockerfile
	EndProjectSection
EndProject
Project("{FAE04EC0-301F-11D3-BF4B-00C04F79EFBC}") = "Redarbor.UnitTests", "Redarbor.UnitTests\Redarbor.UnitTests.csproj", "{F1AB76DC-2CCC-AA36-FD49-CDBA2070A63E}"
EndProject
Global
	GlobalSection(SolutionConfigurationPlatforms) = preSolution
		Debug|Any CPU = Debug|Any CPU
		Release|Any CPU = Release|Any CPU
	EndGlobalSection
	GlobalSection(ProjectConfigurationPlatforms) = postSolution
		{9B53BC2F-9CBC-E6BB-0D1E-0720ED17518E}.Debug|Any CPU.ActiveCfg = Debug|Any CPU
		{9B53BC2F-9CBC-E6BB-0D1E-0720ED17518E}.Debug|Any CPU.Build.0 = Debug|Any CPU
		{9B53BC2F-9CBC-E6BB-0D1E-0720ED17518E}.Release|Any CPU.ActiveCfg = Release|Any CPU
		{9B53BC2F-9CBC-E6BB-0D1E-0720ED17518E}.Release|Any CPU.Build.0 = Release|Any CPU
		{356D601D-102E-3818-05C1-DE891029CD5D}.Debug|Any CPU.ActiveCfg = Debug|Any CPU
		{356D601D-102E-3818-05C1-DE891029CD5D}.Debug|Any CPU.Build.0 = Debug|Any CPU
		{356D601D-102E-3818-05C1-DE891029CD5D}.Release|Any CPU.ActiveCfg = Release|Any CPU
		{356D601D-102E-3818-05C1-DE891029CD5D}.Release|Any CPU.Build.0 = Release|Any CPU
		{AA15F435-3D95-0154-6941-CAD257BEFBDD}.Debug|Any CPU.ActiveCfg = Debug|Any CPU
		{AA15F435-3D95-0154-6941-CAD257BEFBDD}.Debug|Any CPU.Build.0 = Debug|Any CPU
		{AA15F435-3D95-0154-6941-CAD257BEFBDD}.Release|Any CPU.ActiveCfg = Release|Any CPU
		{AA15F435-3D95-0154-6941-CAD257BEFBDD}.Release|Any CPU.Build.0 = Release|Any CPU
		{20E5F2B1-F9A0-7200-289F-B147E1CCF745}.Debug|Any CPU.ActiveCfg = Debug|Any CPU
		{20E5F2B1-F9A0-7200-289F-B147E1CCF745}.Debug|Any CPU.Build.0 = Debug|Any CPU
		{20E5F2B1-F9A0-7200-289F-B147E1CCF745}.Release|Any CPU.ActiveCfg = Release|Any CPU
		{20E5F2B1-F9A0-7200-289F-B147E1CCF745}.Release|Any CPU.Build.0 = Release|Any CPU
		{F1AB76DC-2CCC-AA36-FD49-CDBA2070A63E}.Debug|Any CPU.ActiveCfg = Debug|Any CPU
		{F1AB76DC-2CCC-AA36-FD49-CDBA2070A63E}.Debug|Any CPU.Build.0 = Debug|Any CPU
		{F1AB76DC-2CCC-AA36-FD49-CDBA2070A63E}.Release|Any CPU.ActiveCfg = Release|Any CPU
		{F1AB76DC-2CCC-AA36-FD49-CDBA2070A63E}.Release|Any CPU.Build.0 = Release|Any CPU
	EndGlobalSection
	GlobalSection(SolutionProperties) = preSolution
		HideSolutionNode = FALSE
	EndGlobalSection
	GlobalSection(ExtensibilityGlobals) = postSolution
		SolutionGuid = {DBC88085-584E-4B39-9AF0-A4C96A42DD4B}
	EndGlobalSection
EndGlobal
